
Microsoft Visual Studio Solution File, Format Version 9.00
# Visual Studio 2005
Project("{FAE04EC0-301F-11D3-BF4B-00C04F79EFBC}") = "Ron Dreyfus_Vegas Holdem", "Ron Dreyfus_Vegas Holdem\Ron Dreyfus_Vegas Holdem.csproj", "{B0BCCC48-D41E-498A-BF66-38F7EBFF1026}"
EndProject
Global
	GlobalSection(SolutionConfigurationPlatforms) = preSolution
		Debug|Any CPU = Debug|Any CPU
		Release|Any CPU = Release|Any CPU
	EndGlobalSection
	GlobalSection(ProjectConfigurationPlatforms) = postSolution
		{B0BCCC48-D41E-498A-BF66-38F7EBFF1026}.Debug|Any CPU.ActiveCfg = Debug|Any CPU
		{B0BCCC48-D41E-498A-BF66-38F7EBFF1026}.Debug|Any CPU.Build.0 = Debug|Any CPU
		{B0BCCC48-D41E-498A-BF66-38F7EBFF1026}.Release|Any CPU.ActiveCfg = Release|Any CPU
		{B0BCCC48-D41E-498A-BF66-38F7EBFF1026}.Release|Any CPU.Build.0 = Release|Any CPU
	EndGlobalSection
	GlobalSection(SolutionProperties) = preSolution
		HideSolutionNode = FALSE
	EndGlobalSection
EndGlobal
